{"version":4,"terraform_version":"1.10.3","serial":1,"lineage":"1ddd06d6-11ce-8213-ce00-443f42e72e24","outputs":{"file_content":{"value":"This is a test file created by Terraform at 2025-07-24T17:19:28Z","type":"string"},"file_path":{"value":"./test-output.txt","type":"string"}},"resources":[{"mode":"managed","type":"local_file","name":"test_file","provider":"provider[\"registry.opentofu.org/hashicorp/local\"]","instances":[{"schema_version":0,"attributes":{"content":"This is a test file created by Terraform at 2025-07-24T17:19:28Z","content_base64":null,"content_base64sha256":"OYEhTXaXuribZqPb04pjaLOiyzEMOci8rTVf4u+J778=","content_base64sha512":"Y/sbRmZxvNJHr3v9QcMf9EWd0uHLmvOVmsc0qvu60HQAjgdPY2pUpEr6my4BbACZnPYIGCmy3vcK1kk77ePYLw==","content_md5":"aa234188cde032e502e79dc896874ffe","content_sha1":"c2b58fb8c88eb9a13a248dcc73acb78ed805c079","content_sha256":"3981214d7697bab89b66a3dbd38a6368b3a2cb310c39c8bcad355fe2ef89efbf","content_sha512":"63fb1b466671bcd247af7bfd41c31ff4459dd2e1cb9af3959ac734aafbbad074008e074f636a54a44afa9b2e016c00999cf6081829b2def70ad6493bede3d82f","directory_permission":"0777","file_permission":"0777","filename":"./test-output.txt","id":"c2b58fb8c88eb9a13a248dcc73acb78ed805c079","sensitive_content":null,"source":null},"sensitive_attributes":[[{"type":"get_attr","value":"sensitive_content"}]]}]}],"check_results":null}
